
Microsoft Visual Studio Solution File, Format Version 12.00
# Visual Studio Version 17
VisualStudioVersion = 17.3.32929.385
MinimumVisualStudioVersion = 10.0.40219.1
Project("{9A19103F-16F7-4668-BE54-9A1E7A4F7556}") = "Data", "Data\Data.csproj", "{C4505601-4063-4930-A8F3-49550529FFF4}"
EndProject
Project("{9A19103F-16F7-4668-BE54-9A1E7A4F7556}") = "Bussines", "Bussines\Bussines.csproj", "{70261678-D822-4EE1-8828-83CB7A6C7E18}"
EndProject
Project("{9A19103F-16F7-4668-BE54-9A1E7A4F7556}") = "Book.API", "Book.API\Book.API.csproj", "{D7717E2B-AD18-4A96-BABE-B6349BE1426A}"
EndProject
Project("{9A19103F-16F7-4668-BE54-9A1E7A4F7556}") = "Book.UI", "Book.UI\Book.UI.csproj", "{21445CF6-0ADF-49FB-B44F-2528AFEB4A2A}"
EndProject
Global
	GlobalSection(SolutionConfigurationPlatforms) = preSolution
		Debug|Any CPU = Debug|Any CPU
		Release|Any CPU = Release|Any CPU
	EndGlobalSection
	GlobalSection(ProjectConfigurationPlatforms) = postSolution
		{C4505601-4063-4930-A8F3-49550529FFF4}.Debug|Any CPU.ActiveCfg = Debug|Any CPU
		{C4505601-4063-4930-A8F3-49550529FFF4}.Debug|Any CPU.Build.0 = Debug|Any CPU
		{C4505601-4063-4930-A8F3-49550529FFF4}.Release|Any CPU.ActiveCfg = Release|Any CPU
		{C4505601-4063-4930-A8F3-49550529FFF4}.Release|Any CPU.Build.0 = Release|Any CPU
		{70261678-D822-4EE1-8828-83CB7A6C7E18}.Debug|Any CPU.ActiveCfg = Debug|Any CPU
		{70261678-D822-4EE1-8828-83CB7A6C7E18}.Debug|Any CPU.Build.0 = Debug|Any CPU
		{70261678-D822-4EE1-8828-83CB7A6C7E18}.Release|Any CPU.ActiveCfg = Release|Any CPU
		{70261678-D822-4EE1-8828-83CB7A6C7E18}.Release|Any CPU.Build.0 = Release|Any CPU
		{D7717E2B-AD18-4A96-BABE-B6349BE1426A}.Debug|Any CPU.ActiveCfg = Debug|Any CPU
		{D7717E2B-AD18-4A96-BABE-B6349BE1426A}.Debug|Any CPU.Build.0 = Debug|Any CPU
		{D7717E2B-AD18-4A96-BABE-B6349BE1426A}.Release|Any CPU.ActiveCfg = Release|Any CPU
		{D7717E2B-AD18-4A96-BABE-B6349BE1426A}.Release|Any CPU.Build.0 = Release|Any CPU
		{21445CF6-0ADF-49FB-B44F-2528AFEB4A2A}.Debug|Any CPU.ActiveCfg = Debug|Any CPU
		{21445CF6-0ADF-49FB-B44F-2528AFEB4A2A}.Debug|Any CPU.Build.0 = Debug|Any CPU
		{21445CF6-0ADF-49FB-B44F-2528AFEB4A2A}.Release|Any CPU.ActiveCfg = Release|Any CPU
		{21445CF6-0ADF-49FB-B44F-2528AFEB4A2A}.Release|Any CPU.Build.0 = Release|Any CPU
	EndGlobalSection
	GlobalSection(SolutionProperties) = preSolution
		HideSolutionNode = FALSE
	EndGlobalSection
	GlobalSection(ExtensibilityGlobals) = postSolution
		SolutionGuid = {3AA5EF14-49D9-437F-9D62-5B276EBDA9A5}
	EndGlobalSection
EndGlobal
